name: update-flake-lock

on:
  workflow_dispatch:
  schedule:
    - cron: '37 0 * * *'

permissions:
  actions: write
  contents: write
  pull-requests: write

jobs:
  lockfile:
    runs-on: ubuntu-latest
    steps:
      - name: Checkout repository
        uses: actions/checkout@eef61447b9ff4aafe5dcd4e0bbf5d482be7e7871 # v4

      - name: Install nix
        uses: DeterminateSystems/nix-installer-action@da36cb69b1c3247ad7a1f931ebfd954a1105ef14 # v14
        with:
          extra-conf: |
            extra-platforms = aarch64-linux i686-linux

      - name: Use cache
        uses: DeterminateSystems/magic-nix-cache-action@b46e247b898aa56e6d2d2e728dc6df6c84fdb738 # v7

      - name: Update flake.lock
        id: update
        uses: DeterminateSystems/update-flake-lock@a2bbe0274e3a0c4194390a1e445f734c597ebc37 # v24

      - name: Enable automerge
        if: ${{ steps.update.outputs.pull-request-number != '' }}
        run: gh pr merge --squash --auto ${{ steps.update.outputs.pull-request-number }}
        env:
          GITHUB_TOKEN: ${{ secrets.GITHUB_TOKEN }}
