name: update-flake-lock

on:
  workflow_dispatch:
  schedule:
    - cron: '37 0 * * *'

permissions:
  actions: write
  contents: write
  pull-requests: write

jobs:
  lockfile:
    runs-on: ubuntu-latest
    steps:
      - name: Checkout repository
        uses: actions/checkout@11bd71901bbe5b1630ceea73d27597364c9af683 # v4

      - name: Install nix
        uses: DeterminateSystems/nix-installer-action@e50d5f73bfe71c2dd0aa4218de8f4afa59f8f81d # v16
        with:
          extra-conf: |
            extra-platforms = aarch64-linux i686-linux

      - name: Update flake.lock
        id: update
        uses: DeterminateSystems/update-flake-lock@a2bbe0274e3a0c4194390a1e445f734c597ebc37 # v24

      # Automerge sometimes fails. This is a workaround for the race condition.
      - name: Sleep for 15 seconds
        run: sleep 15

      - name: Enable automerge
        if: ${{ steps.update.outputs.pull-request-number != '' }}
        run: gh pr merge --squash --auto ${{ steps.update.outputs.pull-request-number }}
        env:
          GITHUB_TOKEN: ${{ secrets.GITHUB_TOKEN }}
